// !$*UTF8*$!
{
	archiveVersion = 1;
	classes = {
	};
	objectVersion = 50;
	objects = {

/* Begin PBXBuildFile section */
		A0B8FEB2250C03BD0035D001 /* AppDelegate.swift in Sources */ = {isa = PBXBuildFile; fileRef = A0B8FEB1250C03BD0035D001 /* AppDelegate.swift */; };
		A0B8FEB4250C03BD0035D001 /* SceneDelegate.swift in Sources */ = {isa = PBXBuildFile; fileRef = A0B8FEB3250C03BD0035D001 /* SceneDelegate.swift */; };
		A0B8FEB6250C03BD0035D001 /* ViewController.swift in Sources */ = {isa = PBXBuildFile; fileRef = A0B8FEB5250C03BD0035D001 /* ViewController.swift */; };
		A0B8FEB9250C03BD0035D001 /* Main.storyboard in Resources */ = {isa = PBXBuildFile; fileRef = A0B8FEB7250C03BD0035D001 /* Main.storyboard */; };
		A0B8FEBB250C03BE0035D001 /* Assets.xcassets in Resources */ = {isa = PBXBuildFile; fileRef = A0B8FEBA250C03BE0035D001 /* Assets.xcassets */; };
		A0B8FEBE250C03BE0035D001 /* LaunchScreen.storyboard in Resources */ = {isa = PBXBuildFile; fileRef = A0B8FEBC250C03BE0035D001 /* LaunchScreen.storyboard */; };
/* End PBXBuildFile section */

/* Begin PBXFileReference section */
		A0B8FEAE250C03BD0035D001 /* NotesApp_StackViews.app */ = {isa = PBXFileReference; explicitFileType = wrapper.application; includeInIndex = 0; path = NotesApp_StackViews.app; sourceTree = BUILT_PRODUCTS_DIR; };
		A0B8FEB1250C03BD0035D001 /* AppDelegate.swift */ = {isa = PBXFileReference; lastKnownFileType = sourcecode.swift; path = AppDelegate.swift; sourceTree = "<group>"; };
		A0B8FEB3250C03BD0035D001 /* SceneDelegate.swift */ = {isa = PBXFileReference; lastKnownFileType = sourcecode.swift; path = SceneDelegate.swift; sourceTree = "<group>"; };
		A0B8FEB5250C03BD0035D001 /* ViewController.swift */ = {isa = PBXFileReference; lastKnownFileType = sourcecode.swift; path = ViewController.swift; sourceTree = "<group>"; };
		A0B8FEB8250C03BD0035D001 /* Base */ = {isa = PBXFileReference; lastKnownFileType = file.storyboard; name = Base; path = Base.lproj/Main.storyboard; sourceTree = "<group>"; };
		A0B8FEBA250C03BE0035D001 /* Assets.xcassets */ = {isa = PBXFileReference; lastKnownFileType = folder.assetcatalog; path = Assets.xcassets; sourceTree = "<group>"; };
		A0B8FEBD250C03BE0035D001 /* Base */ = {isa = PBXFileReference; lastKnownFileType = file.storyboard; name = Base; path = Base.lproj/LaunchScreen.storyboard; sourceTree = "<group>"; };
		A0B8FEBF250C03BE0035D001 /* Info.plist */ = {isa = PBXFileReference; lastKnownFileType = text.plist.xml; path = Info.plist; sourceTree = "<group>"; };
/* End PBXFileReference section */

/* Begin PBXFrameworksBuildPhase section */
		A0B8FEAB250C03BD0035D001 /* Frameworks */ = {
			isa = PBXFrameworksBuildPhase;
			buildActionMask = 2147483647;
			files = (
			);
			runOnlyForDeploymentPostprocessing = 0;
		};
/* End PBXFrameworksBuildPhase section */

/* Begin PBXGroup section */
		A0B8FEA5250C03BD0035D001 = {
			isa = PBXGroup;
			children = (
				A0B8FEB0250C03BD0035D001 /* NotesApp_StackViews */,
				A0B8FEAF250C03BD0035D001 /* Products */,
			);
			sourceTree = "<group>";
		};
		A0B8FEAF250C03BD0035D001 /* Products */ = {
			isa = PBXGroup;
			children = (
				A0B8FEAE250C03BD0035D001 /* NotesApp_StackViews.app */,
			);
			name = Products;
			sourceTree = "<group>";
		};
		A0B8FEB0250C03BD0035D001 /* NotesApp_StackViews */ = {
			isa = PBXGroup;
			children = (
				A0B8FEB1250C03BD0035D001 /* AppDelegate.swift */,
				A0B8FEB3250C03BD0035D001 /* SceneDelegate.swift */,
				A0B8FEB5250C03BD0035D001 /* ViewController.swift */,
				A0B8FEB7250C03BD0035D001 /* Main.storyboard */,
				A0B8FEBA250C03BE0035D001 /* Assets.xcassets */,
				A0B8FEBC250C03BE0035D001 /* LaunchScreen.storyboard */,
				A0B8FEBF250C03BE0035D001 /* Info.plist */,
			);
			path = NotesApp_StackViews;
			sourceTree = "<group>";
		};
/* End PBXGroup section */

/* Begin PBXNativeTarget section */
		A0B8FEAD250C03BD0035D001 /* NotesApp_StackViews */ = {
			isa = PBXNativeTarget;
			buildConfigurationList = A0B8FEC2250C03BE0035D001 /* Build configuration list for PBXNativeTarget "NotesApp_StackViews" */;
			buildPhases = (
				A0B8FEAA250C03BD0035D001 /* Sources */,
				A0B8FEAB250C03BD0035D001 /* Frameworks */,
				A0B8FEAC250C03BD0035D001 /* Resources */,
			);
			buildRules = (
			);
			dependencies = (
			);
			name = NotesApp_StackViews;
			productName = NotesApp_StackViews;
			productReference = A0B8FEAE250C03BD0035D001 /* NotesApp_StackViews.app */;
			productType = "com.apple.product-type.application";
		};
/* End PBXNativeTarget section */

/* Begin PBXProject section */
		A0B8FEA6250C03BD0035D001 /* Project object */ = {
			isa = PBXProject;
			attributes = {
				LastSwiftUpdateCheck = 1160;
				LastUpgradeCheck = 1160;
				ORGANIZATIONNAME = clc.Atkinson;
				TargetAttributes = {
					A0B8FEAD250C03BD0035D001 = {
						CreatedOnToolsVersion = 11.6;
					};
				};
			};
			buildConfigurationList = A0B8FEA9250C03BD0035D001 /* Build configuration list for PBXProject "NotesApp_StackViews" */;
			compatibilityVersion = "Xcode 9.3";
			developmentRegion = en;
			hasScannedForEncodings = 0;
			knownRegions = (
				en,
				Base,
			);
			mainGroup = A0B8FEA5250C03BD0035D001;
			productRefGroup = A0B8FEAF250C03BD0035D001 /* Products */;
			projectDirPath = "";
			projectRoot = "";
			targets = (
				A0B8FEAD250C03BD0035D001 /* NotesApp_StackViews */,
			);
		};
/* End PBXProject section */

/* Begin PBXResourcesBuildPhase section */
		A0B8FEAC250C03BD0035D001 /* Resources */ = {
			isa = PBXResourcesBuildPhase;
			buildActionMask = 2147483647;
			files = (
				A0B8FEBE250C03BE0035D001 /* LaunchScreen.storyboard in Resources */,
				A0B8FEBB250C03BE0035D001 /* Assets.xcassets in Resources */,
				A0B8FEB9250C03BD0035D001 /* Main.storyboard in Resources */,
			);
			runOnlyForDeploymentPostprocessing = 0;
		};
/* End PBXResourcesBuildPhase section */

/* Begin PBXSourcesBuildPhase section */
		A0B8FEAA250C03BD0035D001 /* Sources */ = {
			isa = PBXSourcesBuildPhase;
			buildActionMask = 2147483647;
			files = (
				A0B8FEB6250C03BD0035D001 /* ViewController.swift in Sources */,
				A0B8FEB2250C03BD0035D001 /* AppDelegate.swift in Sources */,
				A0B8FEB4250C03BD0035D001 /* SceneDelegate.swift in Sources */,
			);
			runOnlyForDeploymentPostprocessing = 0;
		};
/* End PBXSourcesBuildPhase section */

/* Begin PBXVariantGroup section */
		A0B8FEB7250C03BD0035D001 /* Main.storyboard */ = {
			isa = PBXVariantGroup;
			children = (
				A0B8FEB8250C03BD0035D001 /* Base */,
			);
			name = Main.storyboard;
			sourceTree = "<group>";
		};
		A0B8FEBC250C03BE0035D001 /* LaunchScreen.storyboard */ = {
			isa = PBXVariantGroup;
			children = (
				A0B8FEBD250C03BE0035D001 /* Base */,
			);
			name = LaunchScreen.storyboard;
			sourceTree = "<group>";
		};
/* End PBXVariantGroup section */

/* Begin XCBuildConfiguration section */
		A0B8FEC0250C03BE0035D001 /* Debug */ = {
			isa = XCBuildConfiguration;
			buildSettings = {
				ALWAYS_SEARCH_USER_PATHS = NO;
				CLANG_ANALYZER_NONNULL = YES;
				CLANG_ANALYZER_NUMBER_OBJECT_CONVERSION = YES_AGGRESSIVE;
				CLANG_CXX_LANGUAGE_STANDARD = "gnu++14";
				CLANG_CXX_LIBRARY = "libc++";
				CLANG_ENABLE_MODULES = YES;
				CLANG_ENABLE_OBJC_ARC = YES;
				CLANG_ENABLE_OBJC_WEAK = YES;
				CLANG_WARN_BLOCK_CAPTURE_AUTORELEASING = YES;
				CLANG_WARN_BOOL_CONVERSION = YES;
				CLANG_WARN_COMMA = YES;
				CLANG_WARN_CONSTANT_CONVERSION = YES;
				CLANG_WARN_DEPRECATED_OBJC_IMPLEMENTATIONS = YES;
				CLANG_WARN_DIRECT_OBJC_ISA_USAGE = YES_ERROR;
				CLANG_WARN_DOCUMENTATION_COMMENTS = YES;
				CLANG_WARN_EMPTY_BODY = YES;
				CLANG_WARN_ENUM_CONVERSION = YES;
				CLANG_WARN_INFINITE_RECURSION = YES;
				CLANG_WARN_INT_CONVERSION = YES;
				CLANG_WARN_NON_LITERAL_NULL_CONVERSION = YES;
				CLANG_WARN_OBJC_IMPLICIT_RETAIN_SELF = YES;
				CLANG_WARN_OBJC_LITERAL_CONVERSION = YES;
				CLANG_WARN_OBJC_ROOT_CLASS = YES_ERROR;
				CLANG_WARN_RANGE_LOOP_ANALYSIS = YES;
				CLANG_WARN_STRICT_PROTOTYPES = YES;
				CLANG_WARN_SUSPICIOUS_MOVE = YES;
				CLANG_WARN_UNGUARDED_AVAILABILITY = YES_AGGRESSIVE;
				CLANG_WARN_UNREACHABLE_CODE = YES;
				CLANG_WARN__DUPLICATE_METHOD_MATCH = YES;
				COPY_PHASE_STRIP = NO;
				DEBUG_INFORMATION_FORMAT = dwarf;
				ENABLE_STRICT_OBJC_MSGSEND = YES;
				ENABLE_TESTABILITY = YES;
				GCC_C_LANGUAGE_STANDARD = gnu11;
				GCC_DYNAMIC_NO_PIC = NO;
				GCC_NO_COMMON_BLOCKS = YES;
				GCC_OPTIMIZATION_LEVEL = 0;
				GCC_PREPROCESSOR_DEFINITIONS = (
					"DEBUG=1",
					"$(inherited)",
				);
				GCC_WARN_64_TO_32_BIT_CONVERSION = YES;
				GCC_WARN_ABOUT_RETURN_TYPE = YES_ERROR;
				GCC_WARN_UNDECLARED_SELECTOR = YES;
				GCC_WARN_UNINITIALIZED_AUTOS = YES_AGGRESSIVE;
				GCC_WARN_UNUSED_FUNCTION = YES;
				GCC_WARN_UNUSED_VARIABLE = YES;
				IPHONEOS_DEPLOYMENT_TARGET = 13.6;
				MTL_ENABLE_DEBUG_INFO = INCLUDE_SOURCE;
				MTL_FAST_MATH = YES;
				ONLY_ACTIVE_ARCH = YES;
				SDKROOT = iphoneos;
				SWIFT_ACTIVE_COMPILATION_CONDITIONS = DEBUG;
				SWIFT_OPTIMIZATION_LEVEL = "-Onone";
			};
			name = Debug;
		};
		A0B8FEC1250C03BE0035D001 /* Release */ = {
			isa = XCBuildConfiguration;
			buildSettings = {
				ALWAYS_SEARCH_USER_PATHS = NO;
				CLANG_ANALYZER_NONNULL = YES;
				CLANG_ANALYZER_NUMBER_OBJECT_CONVERSION = YES_AGGRESSIVE;
				CLANG_CXX_LANGUAGE_STANDARD = "gnu++14";
				CLANG_CXX_LIBRARY = "libc++";
				CLANG_ENABLE_MODULES = YES;
				CLANG_ENABLE_OBJC_ARC = YES;
				CLANG_ENABLE_OBJC_WEAK = YES;
				CLANG_WARN_BLOCK_CAPTURE_AUTORELEASING = YES;
				CLANG_WARN_BOOL_CONVERSION = YES;
				CLANG_WARN_COMMA = YES;
				CLANG_WARN_CONSTANT_CONVERSION = YES;
				CLANG_WARN_DEPRECATED_OBJC_IMPLEMENTATIONS = YES;
				CLANG_WARN_DIRECT_OBJC_ISA_USAGE = YES_ERROR;
				CLANG_WARN_DOCUMENTATION_COMMENTS = YES;
				CLANG_WARN_EMPTY_BODY = YES;
				CLANG_WARN_ENUM_CONVERSION = YES;
				CLANG_WARN_INFINITE_RECURSION = YES;
				CLANG_WARN_INT_CONVERSION = YES;
				CLANG_WARN_NON_LITERAL_NULL_CONVERSION = YES;
				CLANG_WARN_OBJC_IMPLICIT_RETAIN_SELF = YES;
				CLANG_WARN_OBJC_LITERAL_CONVERSION = YES;
				CLANG_WARN_OBJC_ROOT_CLASS = YES_ERROR;
				CLANG_WARN_RANGE_LOOP_ANALYSIS = YES;
				CLANG_WARN_STRICT_PROTOTYPES = YES;
				CLANG_WARN_SUSPICIOUS_MOVE = YES;
				CLANG_WARN_UNGUARDED_AVAILABILITY = YES_AGGRESSIVE;
				CLANG_WARN_UNREACHABLE_CODE = YES;
				CLANG_WARN__DUPLICATE_METHOD_MATCH = YES;
				COPY_PHASE_STRIP = NO;
				DEBUG_INFORMATION_FORMAT = "dwarf-with-dsym";
				ENABLE_NS_ASSERTIONS = NO;
				ENABLE_STRICT_OBJC_MSGSEND = YES;
				GCC_C_LANGUAGE_STANDARD = gnu11;
				GCC_NO_COMMON_BLOCKS = YES;
				GCC_WARN_64_TO_32_BIT_CONVERSION = YES;
				GCC_WARN_ABOUT_RETURN_TYPE = YES_ERROR;
				GCC_WARN_UNDECLARED_SELECTOR = YES;
				GCC_WARN_UNINITIALIZED_AUTOS = YES_AGGRESSIVE;
				GCC_WARN_UNUSED_FUNCTION = YES;
				GCC_WARN_UNUSED_VARIABLE = YES;
				IPHONEOS_DEPLOYMENT_TARGET = 13.6;
				MTL_ENABLE_DEBUG_INFO = NO;
				MTL_FAST_MATH = YES;
				SDKROOT = iphoneos;
				SWIFT_COMPILATION_MODE = wholemodule;
				SWIFT_OPTIMIZATION_LEVEL = "-O";
				VALIDATE_PRODUCT = YES;
			};
			name = Release;
		};
		A0B8FEC3250C03BE0035D001 /* Debug */ = {
			isa = XCBuildConfiguration;
			buildSettings = {
				ASSETCATALOG_COMPILER_APPICON_NAME = AppIcon;
				CODE_SIGN_STYLE = Automatic;
				DEVELOPMENT_TEAM = R9NVGNCYX3;
				INFOPLIST_FILE = NotesApp_StackViews/Info.plist;
				LD_RUNPATH_SEARCH_PATHS = (
					"$(inherited)",
					"@executable_path/Frameworks",
				);
				PRODUCT_BUNDLE_IDENTIFIER = "clc.NotesApp-StackViews";
				PRODUCT_NAME = "$(TARGET_NAME)";
				SWIFT_VERSION = 5.0;
				TARGETED_DEVICE_FAMILY = "1,2";
			};
			name = Debug;
		};
		A0B8FEC4250C03BE0035D001 /* Release */ = {
			isa = XCBuildConfiguration;
			buildSettings = {
				ASSETCATALOG_COMPILER_APPICON_NAME = AppIcon;
				CODE_SIGN_STYLE = Automatic;
				DEVELOPMENT_TEAM = R9NVGNCYX3;
				INFOPLIST_FILE = NotesApp_StackViews/Info.plist;
				LD_RUNPATH_SEARCH_PATHS = (
					"$(inherited)",
					"@executable_path/Frameworks",
				);
				PRODUCT_BUNDLE_IDENTIFIER = "clc.NotesApp-StackViews";
				PRODUCT_NAME = "$(TARGET_NAME)";
				SWIFT_VERSION = 5.0;
				TARGETED_DEVICE_FAMILY = "1,2";
			};
			name = Release;
		};
/* End XCBuildConfiguration section */

/* Begin XCConfigurationList section */
		A0B8FEA9250C03BD0035D001 /* Build configuration list for PBXProject "NotesApp_StackViews" */ = {
			isa = XCConfigurationList;
			buildConfigurations = (
				A0B8FEC0250C03BE0035D001 /* Debug */,
				A0B8FEC1250C03BE0035D001 /* Release */,
			);
			defaultConfigurationIsVisible = 0;
			defaultConfigurationName = Release;
		};
		A0B8FEC2250C03BE0035D001 /* Build configuration list for PBXNativeTarget "NotesApp_StackViews" */ = {
			isa = XCConfigurationList;
			buildConfigurations = (
				A0B8FEC3250C03BE0035D001 /* Debug */,
				A0B8FEC4250C03BE0035D001 /* Release */,
			);
			defaultConfigurationIsVisible = 0;
			defaultConfigurationName = Release;
		};
/* End XCConfigurationList section */
	};
	rootObject = A0B8FEA6250C03BD0035D001 /* Project object */;
}
